
Microsoft Visual Studio Solution File, Format Version 12.00
# Visual Studio 15
VisualStudioVersion = 15.0.27703.2035
MinimumVisualStudioVersion = 10.0.40219.1
Project("{FAE04EC0-301F-11D3-BF4B-00C04F79EFBC}") = "carterCInteractiveCard", "carterCInteractiveCard\carterCInteractiveCard.csproj", "{74A49A3B-9ED9-4F69-8324-7D8854518228}"
EndProject
Global
	GlobalSection(SolutionConfigurationPlatforms) = preSolution
		Debug|Any CPU = Debug|Any CPU
		Release|Any CPU = Release|Any CPU
	EndGlobalSection
	GlobalSection(ProjectConfigurationPlatforms) = postSolution
		{74A49A3B-9ED9-4F69-8324-7D8854518228}.Debug|Any CPU.ActiveCfg = Debug|Any CPU
		{74A49A3B-9ED9-4F69-8324-7D8854518228}.Debug|Any CPU.Build.0 = Debug|Any CPU
		{74A49A3B-9ED9-4F69-8324-7D8854518228}.Release|Any CPU.ActiveCfg = Release|Any CPU
		{74A49A3B-9ED9-4F69-8324-7D8854518228}.Release|Any CPU.Build.0 = Release|Any CPU
	EndGlobalSection
	GlobalSection(SolutionProperties) = preSolution
		HideSolutionNode = FALSE
	EndGlobalSection
	GlobalSection(ExtensibilityGlobals) = postSolution
		SolutionGuid = {7ADC04F4-97B8-492E-9A44-206A72562C8F}
	EndGlobalSection
EndGlobal
